
Microsoft Visual Studio Solution File, Format Version 12.00
# Visual Studio 2015
Project("{FAE04EC0-301F-11D3-BF4B-00C04F79EFBC}") = "No Puzzle No Life.CSharp", "No Puzzle No Life.CSharp.csproj", "{A5C36F81-5189-2AB3-2BCE-8F1CA1784B3A}"
EndProject
Project("{FAE04EC0-301F-11D3-BF4B-00C04F79EFBC}") = "No Puzzle No Life.CSharp.Editor", "No Puzzle No Life.CSharp.Editor.csproj", "{9605A2CF-3995-02D7-F5A6-BD4B4F00BFEF}"
EndProject
Global
	GlobalSection(SolutionConfigurationPlatforms) = preSolution
		Debug|Any CPU = Debug|Any CPU
		Release|Any CPU = Release|Any CPU
	EndGlobalSection
	GlobalSection(ProjectConfigurationPlatforms) = postSolution
		{A5C36F81-5189-2AB3-2BCE-8F1CA1784B3A}.Debug|Any CPU.ActiveCfg = Debug|Any CPU
		{A5C36F81-5189-2AB3-2BCE-8F1CA1784B3A}.Debug|Any CPU.Build.0 = Debug|Any CPU
		{A5C36F81-5189-2AB3-2BCE-8F1CA1784B3A}.Release|Any CPU.ActiveCfg = Release|Any CPU
		{A5C36F81-5189-2AB3-2BCE-8F1CA1784B3A}.Release|Any CPU.Build.0 = Release|Any CPU
		{9605A2CF-3995-02D7-F5A6-BD4B4F00BFEF}.Debug|Any CPU.ActiveCfg = Debug|Any CPU
		{9605A2CF-3995-02D7-F5A6-BD4B4F00BFEF}.Debug|Any CPU.Build.0 = Debug|Any CPU
		{9605A2CF-3995-02D7-F5A6-BD4B4F00BFEF}.Release|Any CPU.ActiveCfg = Release|Any CPU
		{9605A2CF-3995-02D7-F5A6-BD4B4F00BFEF}.Release|Any CPU.Build.0 = Release|Any CPU
	EndGlobalSection
	GlobalSection(SolutionProperties) = preSolution
		HideSolutionNode = FALSE
	EndGlobalSection
EndGlobal
